
Microsoft Visual Studio Solution File, Format Version 12.00
# Visual Studio Version 17
VisualStudioVersion = 17.8.34330.188
MinimumVisualStudioVersion = 10.0.40219.1
Project("{FAE04EC0-301F-11D3-BF4B-00C04F79EFBC}") = "Talabat02.Api", "Talabat02.Api\Talabat02.Api.csproj", "{5D226560-E498-4976-9A36-609F583AD99D}"
EndProject
Project("{FAE04EC0-301F-11D3-BF4B-00C04F79EFBC}") = "Talabat02.Core", "Talabat02.Core\Talabat02.Core.csproj", "{ED9AF8F9-4560-47F5-9356-FD9F857E92A5}"
EndProject
Project("{FAE04EC0-301F-11D3-BF4B-00C04F79EFBC}") = "Talabat02.Repository", "Talabat02.Repository\Talabat02.Repository.csproj", "{DB63D600-B182-4686-8538-E1B26D9C0071}"
EndProject
Project("{FAE04EC0-301F-11D3-BF4B-00C04F79EFBC}") = "Talabat02.Services", "Talabat02.Services\Talabat02.Services.csproj", "{3DE4BEF0-DC8A-44B5-B2AF-CEC7BDDFF374}"
EndProject
Global
	GlobalSection(SolutionConfigurationPlatforms) = preSolution
		Debug|Any CPU = Debug|Any CPU
		Release|Any CPU = Release|Any CPU
	EndGlobalSection
	GlobalSection(ProjectConfigurationPlatforms) = postSolution
		{5D226560-E498-4976-9A36-609F583AD99D}.Debug|Any CPU.ActiveCfg = Debug|Any CPU
		{5D226560-E498-4976-9A36-609F583AD99D}.Debug|Any CPU.Build.0 = Debug|Any CPU
		{5D226560-E498-4976-9A36-609F583AD99D}.Release|Any CPU.ActiveCfg = Release|Any CPU
		{5D226560-E498-4976-9A36-609F583AD99D}.Release|Any CPU.Build.0 = Release|Any CPU
		{ED9AF8F9-4560-47F5-9356-FD9F857E92A5}.Debug|Any CPU.ActiveCfg = Debug|Any CPU
		{ED9AF8F9-4560-47F5-9356-FD9F857E92A5}.Debug|Any CPU.Build.0 = Debug|Any CPU
		{ED9AF8F9-4560-47F5-9356-FD9F857E92A5}.Release|Any CPU.ActiveCfg = Release|Any CPU
		{ED9AF8F9-4560-47F5-9356-FD9F857E92A5}.Release|Any CPU.Build.0 = Release|Any CPU
		{DB63D600-B182-4686-8538-E1B26D9C0071}.Debug|Any CPU.ActiveCfg = Debug|Any CPU
		{DB63D600-B182-4686-8538-E1B26D9C0071}.Debug|Any CPU.Build.0 = Debug|Any CPU
		{DB63D600-B182-4686-8538-E1B26D9C0071}.Release|Any CPU.ActiveCfg = Release|Any CPU
		{DB63D600-B182-4686-8538-E1B26D9C0071}.Release|Any CPU.Build.0 = Release|Any CPU
		{3DE4BEF0-DC8A-44B5-B2AF-CEC7BDDFF374}.Debug|Any CPU.ActiveCfg = Debug|Any CPU
		{3DE4BEF0-DC8A-44B5-B2AF-CEC7BDDFF374}.Debug|Any CPU.Build.0 = Debug|Any CPU
		{3DE4BEF0-DC8A-44B5-B2AF-CEC7BDDFF374}.Release|Any CPU.ActiveCfg = Release|Any CPU
		{3DE4BEF0-DC8A-44B5-B2AF-CEC7BDDFF374}.Release|Any CPU.Build.0 = Release|Any CPU
	EndGlobalSection
	GlobalSection(SolutionProperties) = preSolution
		HideSolutionNode = FALSE
	EndGlobalSection
	GlobalSection(ExtensibilityGlobals) = postSolution
		SolutionGuid = {C0876D49-3FB2-4225-84D8-B4F99266F7CA}
	EndGlobalSection
EndGlobal
